
Microsoft Visual Studio Solution File, Format Version 12.00
# Visual Studio 15
VisualStudioVersion = 15.0.28010.2003
MinimumVisualStudioVersion = 10.0.40219.1
Project("{9A19103F-16F7-4668-BE54-9A1E7A4F7556}") = "SeniorProject.Api", "SeniorProject.Api\SeniorProject.Api.csproj", "{2BAF2812-8453-49BD-B28F-4A7582119829}"
EndProject
Global
	GlobalSection(SolutionConfigurationPlatforms) = preSolution
		Debug|Any CPU = Debug|Any CPU
		Release|Any CPU = Release|Any CPU
	EndGlobalSection
	GlobalSection(ProjectConfigurationPlatforms) = postSolution
		{2BAF2812-8453-49BD-B28F-4A7582119829}.Debug|Any CPU.ActiveCfg = Debug|Any CPU
		{2BAF2812-8453-49BD-B28F-4A7582119829}.Debug|Any CPU.Build.0 = Debug|Any CPU
		{2BAF2812-8453-49BD-B28F-4A7582119829}.Release|Any CPU.ActiveCfg = Release|Any CPU
		{2BAF2812-8453-49BD-B28F-4A7582119829}.Release|Any CPU.Build.0 = Release|Any CPU
	EndGlobalSection
	GlobalSection(SolutionProperties) = preSolution
		HideSolutionNode = FALSE
	EndGlobalSection
	GlobalSection(ExtensibilityGlobals) = postSolution
		SolutionGuid = {DC2F4111-AD18-46CF-AEAA-42E4BE42CA3C}
	EndGlobalSection
	GlobalSection(TeamFoundationVersionControl) = preSolution
		SccNumberOfProjects = 2
		SccEnterpriseProvider = {4CA58AB2-18FA-4F8D-95D4-32DDF27D184C}
		SccTeamFoundationServer = https://seniorproject2018-2019.visualstudio.com/
		SccLocalPath0 = .
		SccProjectUniqueName1 = SeniorProject.Api\\SeniorProject.Api.csproj
		SccProjectName1 = SeniorProject.Api
		SccLocalPath1 = SeniorProject.Api
	EndGlobalSection
EndGlobal
